
Microsoft Visual Studio Solution File, Format Version 12.00
# Visual Studio 2012
Project("{FAE04EC0-301F-11D3-BF4B-00C04F79EFBC}") = "bkit laba2", "bkit laba2\bkit laba2.csproj", "{AF7E779C-5980-4E4F-9632-C59F7F280DE5}"
EndProject
Global
	GlobalSection(SolutionConfigurationPlatforms) = preSolution
		Debug|Any CPU = Debug|Any CPU
		Release|Any CPU = Release|Any CPU
	EndGlobalSection
	GlobalSection(ProjectConfigurationPlatforms) = postSolution
		{AF7E779C-5980-4E4F-9632-C59F7F280DE5}.Debug|Any CPU.ActiveCfg = Debug|Any CPU
		{AF7E779C-5980-4E4F-9632-C59F7F280DE5}.Debug|Any CPU.Build.0 = Debug|Any CPU
		{AF7E779C-5980-4E4F-9632-C59F7F280DE5}.Release|Any CPU.ActiveCfg = Release|Any CPU
		{AF7E779C-5980-4E4F-9632-C59F7F280DE5}.Release|Any CPU.Build.0 = Release|Any CPU
	EndGlobalSection
	GlobalSection(SolutionProperties) = preSolution
		HideSolutionNode = FALSE
	EndGlobalSection
EndGlobal
